
Microsoft Visual Studio Solution File, Format Version 12.00
# Visual Studio 15
VisualStudioVersion = 15.0.27004.2008
MinimumVisualStudioVersion = 10.0.40219.1
Project("{FAE04EC0-301F-11D3-BF4B-00C04F79EFBC}") = "HmhengXamChatbot.Android", "HmhengXamChatbot\HmhengXamChatbot.Android\HmhengXamChatbot.Android.csproj", "{317FA81F-D7D8-4E91-A327-FB2058B422FD}"
EndProject
Project("{FAE04EC0-301F-11D3-BF4B-00C04F79EFBC}") = "HmhengXamChatbot.UWP", "HmhengXamChatbot\HmhengXamChatbot.UWP\HmhengXamChatbot.UWP.csproj", "{BD26FC29-DC94-43B8-B592-3F2F2D51BFD5}"
EndProject
Project("{FAE04EC0-301F-11D3-BF4B-00C04F79EFBC}") = "HmhengXamChatbot.iOS", "HmhengXamChatbot\HmhengXamChatbot.iOS\HmhengXamChatbot.iOS.csproj", "{2503C676-B267-4348-A552-7C4108F19764}"
EndProject
Project("{FAE04EC0-301F-11D3-BF4B-00C04F79EFBC}") = "HmhengXamChatbot.Core", "HmhengXamChatbot\HmhengXamChatbot.Core\HmhengXamChatbot.Core.csproj", "{ACF53D38-B0AB-44D3-B324-A064B64A7080}"
EndProject
Global
	GlobalSection(SolutionConfigurationPlatforms) = preSolution
		Ad-Hoc|Any CPU = Ad-Hoc|Any CPU
		Ad-Hoc|ARM = Ad-Hoc|ARM
		Ad-Hoc|iPhone = Ad-Hoc|iPhone
		Ad-Hoc|iPhoneSimulator = Ad-Hoc|iPhoneSimulator
		Ad-Hoc|x64 = Ad-Hoc|x64
		Ad-Hoc|x86 = Ad-Hoc|x86
		AppStore|Any CPU = AppStore|Any CPU
		AppStore|ARM = AppStore|ARM
		AppStore|iPhone = AppStore|iPhone
		AppStore|iPhoneSimulator = AppStore|iPhoneSimulator
		AppStore|x64 = AppStore|x64
		AppStore|x86 = AppStore|x86
		Debug|Any CPU = Debug|Any CPU
		Debug|ARM = Debug|ARM
		Debug|iPhone = Debug|iPhone
		Debug|iPhoneSimulator = Debug|iPhoneSimulator
		Debug|x64 = Debug|x64
		Debug|x86 = Debug|x86
		Release|Any CPU = Release|Any CPU
		Release|ARM = Release|ARM
		Release|iPhone = Release|iPhone
		Release|iPhoneSimulator = Release|iPhoneSimulator
		Release|x64 = Release|x64
		Release|x86 = Release|x86
	EndGlobalSection
	GlobalSection(ProjectConfigurationPlatforms) = postSolution
		{317FA81F-D7D8-4E91-A327-FB2058B422FD}.Ad-Hoc|Any CPU.ActiveCfg = Release|Any CPU
		{317FA81F-D7D8-4E91-A327-FB2058B422FD}.Ad-Hoc|Any CPU.Build.0 = Release|Any CPU
		{317FA81F-D7D8-4E91-A327-FB2058B422FD}.Ad-Hoc|Any CPU.Deploy.0 = Release|Any CPU
		{317FA81F-D7D8-4E91-A327-FB2058B422FD}.Ad-Hoc|ARM.ActiveCfg = Release|Any CPU
		{317FA81F-D7D8-4E91-A327-FB2058B422FD}.Ad-Hoc|ARM.Build.0 = Release|Any CPU
		{317FA81F-D7D8-4E91-A327-FB2058B422FD}.Ad-Hoc|ARM.Deploy.0 = Release|Any CPU
		{317FA81F-D7D8-4E91-A327-FB2058B422FD}.Ad-Hoc|iPhone.ActiveCfg = Release|Any CPU
		{317FA81F-D7D8-4E91-A327-FB2058B422FD}.Ad-Hoc|iPhone.Build.0 = Release|Any CPU
		{317FA81F-D7D8-4E91-A327-FB2058B422FD}.Ad-Hoc|iPhone.Deploy.0 = Release|Any CPU
		{317FA81F-D7D8-4E91-A327-FB2058B422FD}.Ad-Hoc|iPhoneSimulator.ActiveCfg = Release|Any CPU
		{317FA81F-D7D8-4E91-A327-FB2058B422FD}.Ad-Hoc|iPhoneSimulator.Build.0 = Release|Any CPU
		{317FA81F-D7D8-4E91-A327-FB2058B422FD}.Ad-Hoc|iPhoneSimulator.Deploy.0 = Release|Any CPU
		{317FA81F-D7D8-4E91-A327-FB2058B422FD}.Ad-Hoc|x64.ActiveCfg = Release|Any CPU
		{317FA81F-D7D8-4E91-A327-FB2058B422FD}.Ad-Hoc|x64.Build.0 = Release|Any CPU
		{317FA81F-D7D8-4E91-A327-FB2058B422FD}.Ad-Hoc|x64.Deploy.0 = Release|Any CPU
		{317FA81F-D7D8-4E91-A327-FB2058B422FD}.Ad-Hoc|x86.ActiveCfg = Release|Any CPU
		{317FA81F-D7D8-4E91-A327-FB2058B422FD}.Ad-Hoc|x86.Build.0 = Release|Any CPU
		{317FA81F-D7D8-4E91-A327-FB2058B422FD}.Ad-Hoc|x86.Deploy.0 = Release|Any CPU
		{317FA81F-D7D8-4E91-A327-FB2058B422FD}.AppStore|Any CPU.ActiveCfg = Release|Any CPU
		{317FA81F-D7D8-4E91-A327-FB2058B422FD}.AppStore|Any CPU.Build.0 = Release|Any CPU
		{317FA81F-D7D8-4E91-A327-FB2058B422FD}.AppStore|Any CPU.Deploy.0 = Release|Any CPU
		{317FA81F-D7D8-4E91-A327-FB2058B422FD}.AppStore|ARM.ActiveCfg = Release|Any CPU
		{317FA81F-D7D8-4E91-A327-FB2058B422FD}.AppStore|ARM.Build.0 = Release|Any CPU
		{317FA81F-D7D8-4E91-A327-FB2058B422FD}.AppStore|ARM.Deploy.0 = Release|Any CPU
		{317FA81F-D7D8-4E91-A327-FB2058B422FD}.AppStore|iPhone.ActiveCfg = Release|Any CPU
		{317FA81F-D7D8-4E91-A327-FB2058B422FD}.AppStore|iPhone.Build.0 = Release|Any CPU
		{317FA81F-D7D8-4E91-A327-FB2058B422FD}.AppStore|iPhone.Deploy.0 = Release|Any CPU
		{317FA81F-D7D8-4E91-A327-FB2058B422FD}.AppStore|iPhoneSimulator.ActiveCfg = Release|Any CPU
		{317FA81F-D7D8-4E91-A327-FB2058B422FD}.AppStore|iPhoneSimulator.Build.0 = Release|Any CPU
		{317FA81F-D7D8-4E91-A327-FB2058B422FD}.AppStore|iPhoneSimulator.Deploy.0 = Release|Any CPU
		{317FA81F-D7D8-4E91-A327-FB2058B422FD}.AppStore|x64.ActiveCfg = Release|Any CPU
		{317FA81F-D7D8-4E91-A327-FB2058B422FD}.AppStore|x64.Build.0 = Release|Any CPU
		{317FA81F-D7D8-4E91-A327-FB2058B422FD}.AppStore|x64.Deploy.0 = Release|Any CPU
		{317FA81F-D7D8-4E91-A327-FB2058B422FD}.AppStore|x86.ActiveCfg = Release|Any CPU
		{317FA81F-D7D8-4E91-A327-FB2058B422FD}.AppStore|x86.Build.0 = Release|Any CPU
		{317FA81F-D7D8-4E91-A327-FB2058B422FD}.AppStore|x86.Deploy.0 = Release|Any CPU
		{317FA81F-D7D8-4E91-A327-FB2058B422FD}.Debug|Any CPU.ActiveCfg = Debug|Any CPU
		{317FA81F-D7D8-4E91-A327-FB2058B422FD}.Debug|Any CPU.Build.0 = Debug|Any CPU
		{317FA81F-D7D8-4E91-A327-FB2058B422FD}.Debug|Any CPU.Deploy.0 = Debug|Any CPU
		{317FA81F-D7D8-4E91-A327-FB2058B422FD}.Debug|ARM.ActiveCfg = Debug|Any CPU
		{317FA81F-D7D8-4E91-A327-FB2058B422FD}.Debug|ARM.Build.0 = Debug|Any CPU
		{317FA81F-D7D8-4E91-A327-FB2058B422FD}.Debug|ARM.Deploy.0 = Debug|Any CPU
		{317FA81F-D7D8-4E91-A327-FB2058B422FD}.Debug|iPhone.ActiveCfg = Debug|Any CPU
		{317FA81F-D7D8-4E91-A327-FB2058B422FD}.Debug|iPhone.Build.0 = Debug|Any CPU
		{317FA81F-D7D8-4E91-A327-FB2058B422FD}.Debug|iPhone.Deploy.0 = Debug|Any CPU
		{317FA81F-D7D8-4E91-A327-FB2058B422FD}.Debug|iPhoneSimulator.ActiveCfg = Debug|Any CPU
		{317FA81F-D7D8-4E91-A327-FB2058B422FD}.Debug|iPhoneSimulator.Build.0 = Debug|Any CPU
		{317FA81F-D7D8-4E91-A327-FB2058B422FD}.Debug|iPhoneSimulator.Deploy.0 = Debug|Any CPU
		{317FA81F-D7D8-4E91-A327-FB2058B422FD}.Debug|x64.ActiveCfg = Debug|Any CPU
		{317FA81F-D7D8-4E91-A327-FB2058B422FD}.Debug|x64.Build.0 = Debug|Any CPU
		{317FA81F-D7D8-4E91-A327-FB2058B422FD}.Debug|x64.Deploy.0 = Debug|Any CPU
		{317FA81F-D7D8-4E91-A327-FB2058B422FD}.Debug|x86.ActiveCfg = Debug|Any CPU
		{317FA81F-D7D8-4E91-A327-FB2058B422FD}.Debug|x86.Build.0 = Debug|Any CPU
		{317FA81F-D7D8-4E91-A327-FB2058B422FD}.Debug|x86.Deploy.0 = Debug|Any CPU
		{317FA81F-D7D8-4E91-A327-FB2058B422FD}.Release|Any CPU.ActiveCfg = Release|Any CPU
		{317FA81F-D7D8-4E91-A327-FB2058B422FD}.Release|Any CPU.Build.0 = Release|Any CPU
		{317FA81F-D7D8-4E91-A327-FB2058B422FD}.Release|Any CPU.Deploy.0 = Release|Any CPU
		{317FA81F-D7D8-4E91-A327-FB2058B422FD}.Release|ARM.ActiveCfg = Release|Any CPU
		{317FA81F-D7D8-4E91-A327-FB2058B422FD}.Release|ARM.Build.0 = Release|Any CPU
		{317FA81F-D7D8-4E91-A327-FB2058B422FD}.Release|ARM.Deploy.0 = Release|Any CPU
		{317FA81F-D7D8-4E91-A327-FB2058B422FD}.Release|iPhone.ActiveCfg = Release|Any CPU
		{317FA81F-D7D8-4E91-A327-FB2058B422FD}.Release|iPhone.Build.0 = Release|Any CPU
		{317FA81F-D7D8-4E91-A327-FB2058B422FD}.Release|iPhone.Deploy.0 = Release|Any CPU
		{317FA81F-D7D8-4E91-A327-FB2058B422FD}.Release|iPhoneSimulator.ActiveCfg = Release|Any CPU
		{317FA81F-D7D8-4E91-A327-FB2058B422FD}.Release|iPhoneSimulator.Build.0 = Release|Any CPU
		{317FA81F-D7D8-4E91-A327-FB2058B422FD}.Release|iPhoneSimulator.Deploy.0 = Release|Any CPU
		{317FA81F-D7D8-4E91-A327-FB2058B422FD}.Release|x64.ActiveCfg = Release|Any CPU
		{317FA81F-D7D8-4E91-A327-FB2058B422FD}.Release|x64.Build.0 = Release|Any CPU
		{317FA81F-D7D8-4E91-A327-FB2058B422FD}.Release|x64.Deploy.0 = Release|Any CPU
		{317FA81F-D7D8-4E91-A327-FB2058B422FD}.Release|x86.ActiveCfg = Release|Any CPU
		{317FA81F-D7D8-4E91-A327-FB2058B422FD}.Release|x86.Build.0 = Release|Any CPU
		{317FA81F-D7D8-4E91-A327-FB2058B422FD}.Release|x86.Deploy.0 = Release|Any CPU
		{BD26FC29-DC94-43B8-B592-3F2F2D51BFD5}.Ad-Hoc|Any CPU.ActiveCfg = Release|x86
		{BD26FC29-DC94-43B8-B592-3F2F2D51BFD5}.Ad-Hoc|Any CPU.Build.0 = Release|x86
		{BD26FC29-DC94-43B8-B592-3F2F2D51BFD5}.Ad-Hoc|Any CPU.Deploy.0 = Release|x86
		{BD26FC29-DC94-43B8-B592-3F2F2D51BFD5}.Ad-Hoc|ARM.ActiveCfg = Release|ARM
		{BD26FC29-DC94-43B8-B592-3F2F2D51BFD5}.Ad-Hoc|ARM.Build.0 = Release|ARM
		{BD26FC29-DC94-43B8-B592-3F2F2D51BFD5}.Ad-Hoc|ARM.Deploy.0 = Release|ARM
		{BD26FC29-DC94-43B8-B592-3F2F2D51BFD5}.Ad-Hoc|iPhone.ActiveCfg = Release|x86
		{BD26FC29-DC94-43B8-B592-3F2F2D51BFD5}.Ad-Hoc|iPhone.Build.0 = Release|x86
		{BD26FC29-DC94-43B8-B592-3F2F2D51BFD5}.Ad-Hoc|iPhone.Deploy.0 = Release|x86
		{BD26FC29-DC94-43B8-B592-3F2F2D51BFD5}.Ad-Hoc|iPhoneSimulator.ActiveCfg = Release|x86
		{BD26FC29-DC94-43B8-B592-3F2F2D51BFD5}.Ad-Hoc|iPhoneSimulator.Build.0 = Release|x86
		{BD26FC29-DC94-43B8-B592-3F2F2D51BFD5}.Ad-Hoc|iPhoneSimulator.Deploy.0 = Release|x86
		{BD26FC29-DC94-43B8-B592-3F2F2D51BFD5}.Ad-Hoc|x64.ActiveCfg = Release|x64
		{BD26FC29-DC94-43B8-B592-3F2F2D51BFD5}.Ad-Hoc|x64.Build.0 = Release|x64
		{BD26FC29-DC94-43B8-B592-3F2F2D51BFD5}.Ad-Hoc|x64.Deploy.0 = Release|x64
		{BD26FC29-DC94-43B8-B592-3F2F2D51BFD5}.Ad-Hoc|x86.ActiveCfg = Release|x86
		{BD26FC29-DC94-43B8-B592-3F2F2D51BFD5}.Ad-Hoc|x86.Build.0 = Release|x86
		{BD26FC29-DC94-43B8-B592-3F2F2D51BFD5}.Ad-Hoc|x86.Deploy.0 = Release|x86
		{BD26FC29-DC94-43B8-B592-3F2F2D51BFD5}.AppStore|Any CPU.ActiveCfg = Release|x86
		{BD26FC29-DC94-43B8-B592-3F2F2D51BFD5}.AppStore|Any CPU.Build.0 = Release|x86
		{BD26FC29-DC94-43B8-B592-3F2F2D51BFD5}.AppStore|Any CPU.Deploy.0 = Release|x86
		{BD26FC29-DC94-43B8-B592-3F2F2D51BFD5}.AppStore|ARM.ActiveCfg = Release|ARM
		{BD26FC29-DC94-43B8-B592-3F2F2D51BFD5}.AppStore|ARM.Build.0 = Release|ARM
		{BD26FC29-DC94-43B8-B592-3F2F2D51BFD5}.AppStore|ARM.Deploy.0 = Release|ARM
		{BD26FC29-DC94-43B8-B592-3F2F2D51BFD5}.AppStore|iPhone.ActiveCfg = Release|x86
		{BD26FC29-DC94-43B8-B592-3F2F2D51BFD5}.AppStore|iPhone.Build.0 = Release|x86
		{BD26FC29-DC94-43B8-B592-3F2F2D51BFD5}.AppStore|iPhone.Deploy.0 = Release|x86
		{BD26FC29-DC94-43B8-B592-3F2F2D51BFD5}.AppStore|iPhoneSimulator.ActiveCfg = Release|x86
		{BD26FC29-DC94-43B8-B592-3F2F2D51BFD5}.AppStore|iPhoneSimulator.Build.0 = Release|x86
		{BD26FC29-DC94-43B8-B592-3F2F2D51BFD5}.AppStore|iPhoneSimulator.Deploy.0 = Release|x86
		{BD26FC29-DC94-43B8-B592-3F2F2D51BFD5}.AppStore|x64.ActiveCfg = Release|x64
		{BD26FC29-DC94-43B8-B592-3F2F2D51BFD5}.AppStore|x64.Build.0 = Release|x64
		{BD26FC29-DC94-43B8-B592-3F2F2D51BFD5}.AppStore|x64.Deploy.0 = Release|x64
		{BD26FC29-DC94-43B8-B592-3F2F2D51BFD5}.AppStore|x86.ActiveCfg = Release|x86
		{BD26FC29-DC94-43B8-B592-3F2F2D51BFD5}.AppStore|x86.Build.0 = Release|x86
		{BD26FC29-DC94-43B8-B592-3F2F2D51BFD5}.AppStore|x86.Deploy.0 = Release|x86
		{BD26FC29-DC94-43B8-B592-3F2F2D51BFD5}.Debug|Any CPU.ActiveCfg = Debug|x86
		{BD26FC29-DC94-43B8-B592-3F2F2D51BFD5}.Debug|ARM.ActiveCfg = Debug|ARM
		{BD26FC29-DC94-43B8-B592-3F2F2D51BFD5}.Debug|ARM.Build.0 = Debug|ARM
		{BD26FC29-DC94-43B8-B592-3F2F2D51BFD5}.Debug|ARM.Deploy.0 = Debug|ARM
		{BD26FC29-DC94-43B8-B592-3F2F2D51BFD5}.Debug|iPhone.ActiveCfg = Debug|x86
		{BD26FC29-DC94-43B8-B592-3F2F2D51BFD5}.Debug|iPhoneSimulator.ActiveCfg = Debug|x86
		{BD26FC29-DC94-43B8-B592-3F2F2D51BFD5}.Debug|x64.ActiveCfg = Debug|x64
		{BD26FC29-DC94-43B8-B592-3F2F2D51BFD5}.Debug|x64.Build.0 = Debug|x64
		{BD26FC29-DC94-43B8-B592-3F2F2D51BFD5}.Debug|x64.Deploy.0 = Debug|x64
		{BD26FC29-DC94-43B8-B592-3F2F2D51BFD5}.Debug|x86.ActiveCfg = Debug|x86
		{BD26FC29-DC94-43B8-B592-3F2F2D51BFD5}.Debug|x86.Build.0 = Debug|x86
		{BD26FC29-DC94-43B8-B592-3F2F2D51BFD5}.Debug|x86.Deploy.0 = Debug|x86
		{BD26FC29-DC94-43B8-B592-3F2F2D51BFD5}.Release|Any CPU.ActiveCfg = Release|x86
		{BD26FC29-DC94-43B8-B592-3F2F2D51BFD5}.Release|ARM.ActiveCfg = Release|ARM
		{BD26FC29-DC94-43B8-B592-3F2F2D51BFD5}.Release|ARM.Build.0 = Release|ARM
		{BD26FC29-DC94-43B8-B592-3F2F2D51BFD5}.Release|ARM.Deploy.0 = Release|ARM
		{BD26FC29-DC94-43B8-B592-3F2F2D51BFD5}.Release|iPhone.ActiveCfg = Release|x86
		{BD26FC29-DC94-43B8-B592-3F2F2D51BFD5}.Release|iPhoneSimulator.ActiveCfg = Release|x86
		{BD26FC29-DC94-43B8-B592-3F2F2D51BFD5}.Release|x64.ActiveCfg = Release|x64
		{BD26FC29-DC94-43B8-B592-3F2F2D51BFD5}.Release|x64.Build.0 = Release|x64
		{BD26FC29-DC94-43B8-B592-3F2F2D51BFD5}.Release|x64.Deploy.0 = Release|x64
		{BD26FC29-DC94-43B8-B592-3F2F2D51BFD5}.Release|x86.ActiveCfg = Release|x86
		{BD26FC29-DC94-43B8-B592-3F2F2D51BFD5}.Release|x86.Build.0 = Release|x86
		{BD26FC29-DC94-43B8-B592-3F2F2D51BFD5}.Release|x86.Deploy.0 = Release|x86
		{2503C676-B267-4348-A552-7C4108F19764}.Ad-Hoc|Any CPU.ActiveCfg = Ad-Hoc|iPhoneSimulator
		{2503C676-B267-4348-A552-7C4108F19764}.Ad-Hoc|ARM.ActiveCfg = Ad-Hoc|iPhone
		{2503C676-B267-4348-A552-7C4108F19764}.Ad-Hoc|iPhone.ActiveCfg = Ad-Hoc|iPhone
		{2503C676-B267-4348-A552-7C4108F19764}.Ad-Hoc|iPhone.Build.0 = Ad-Hoc|iPhone
		{2503C676-B267-4348-A552-7C4108F19764}.Ad-Hoc|iPhoneSimulator.ActiveCfg = Ad-Hoc|iPhoneSimulator
		{2503C676-B267-4348-A552-7C4108F19764}.Ad-Hoc|iPhoneSimulator.Build.0 = Ad-Hoc|iPhoneSimulator
		{2503C676-B267-4348-A552-7C4108F19764}.Ad-Hoc|x64.ActiveCfg = Ad-Hoc|iPhone
		{2503C676-B267-4348-A552-7C4108F19764}.Ad-Hoc|x86.ActiveCfg = Ad-Hoc|iPhone
		{2503C676-B267-4348-A552-7C4108F19764}.AppStore|Any CPU.ActiveCfg = AppStore|iPhoneSimulator
		{2503C676-B267-4348-A552-7C4108F19764}.AppStore|ARM.ActiveCfg = AppStore|iPhone
		{2503C676-B267-4348-A552-7C4108F19764}.AppStore|iPhone.ActiveCfg = AppStore|iPhone
		{2503C676-B267-4348-A552-7C4108F19764}.AppStore|iPhone.Build.0 = AppStore|iPhone
		{2503C676-B267-4348-A552-7C4108F19764}.AppStore|iPhoneSimulator.ActiveCfg = AppStore|iPhoneSimulator
		{2503C676-B267-4348-A552-7C4108F19764}.AppStore|iPhoneSimulator.Build.0 = AppStore|iPhoneSimulator
		{2503C676-B267-4348-A552-7C4108F19764}.AppStore|x64.ActiveCfg = AppStore|iPhone
		{2503C676-B267-4348-A552-7C4108F19764}.AppStore|x86.ActiveCfg = AppStore|iPhone
		{2503C676-B267-4348-A552-7C4108F19764}.Debug|Any CPU.ActiveCfg = Debug|iPhoneSimulator
		{2503C676-B267-4348-A552-7C4108F19764}.Debug|ARM.ActiveCfg = Debug|iPhone
		{2503C676-B267-4348-A552-7C4108F19764}.Debug|iPhone.ActiveCfg = Debug|iPhone
		{2503C676-B267-4348-A552-7C4108F19764}.Debug|iPhone.Build.0 = Debug|iPhone
		{2503C676-B267-4348-A552-7C4108F19764}.Debug|iPhoneSimulator.ActiveCfg = Debug|iPhoneSimulator
		{2503C676-B267-4348-A552-7C4108F19764}.Debug|iPhoneSimulator.Build.0 = Debug|iPhoneSimulator
		{2503C676-B267-4348-A552-7C4108F19764}.Debug|x64.ActiveCfg = Debug|iPhone
		{2503C676-B267-4348-A552-7C4108F19764}.Debug|x86.ActiveCfg = Debug|iPhone
		{2503C676-B267-4348-A552-7C4108F19764}.Release|Any CPU.ActiveCfg = Release|iPhoneSimulator
		{2503C676-B267-4348-A552-7C4108F19764}.Release|ARM.ActiveCfg = Release|iPhone
		{2503C676-B267-4348-A552-7C4108F19764}.Release|iPhone.ActiveCfg = Release|iPhone
		{2503C676-B267-4348-A552-7C4108F19764}.Release|iPhone.Build.0 = Release|iPhone
		{2503C676-B267-4348-A552-7C4108F19764}.Release|iPhoneSimulator.ActiveCfg = Release|iPhoneSimulator
		{2503C676-B267-4348-A552-7C4108F19764}.Release|iPhoneSimulator.Build.0 = Release|iPhoneSimulator
		{2503C676-B267-4348-A552-7C4108F19764}.Release|x64.ActiveCfg = Release|iPhone
		{2503C676-B267-4348-A552-7C4108F19764}.Release|x86.ActiveCfg = Release|iPhone
		{ACF53D38-B0AB-44D3-B324-A064B64A7080}.Ad-Hoc|Any CPU.ActiveCfg = Debug|Any CPU
		{ACF53D38-B0AB-44D3-B324-A064B64A7080}.Ad-Hoc|Any CPU.Build.0 = Debug|Any CPU
		{ACF53D38-B0AB-44D3-B324-A064B64A7080}.Ad-Hoc|ARM.ActiveCfg = Debug|Any CPU
		{ACF53D38-B0AB-44D3-B324-A064B64A7080}.Ad-Hoc|ARM.Build.0 = Debug|Any CPU
		{ACF53D38-B0AB-44D3-B324-A064B64A7080}.Ad-Hoc|iPhone.ActiveCfg = Debug|Any CPU
		{ACF53D38-B0AB-44D3-B324-A064B64A7080}.Ad-Hoc|iPhone.Build.0 = Debug|Any CPU
		{ACF53D38-B0AB-44D3-B324-A064B64A7080}.Ad-Hoc|iPhoneSimulator.ActiveCfg = Debug|Any CPU
		{ACF53D38-B0AB-44D3-B324-A064B64A7080}.Ad-Hoc|iPhoneSimulator.Build.0 = Debug|Any CPU
		{ACF53D38-B0AB-44D3-B324-A064B64A7080}.Ad-Hoc|x64.ActiveCfg = Debug|Any CPU
		{ACF53D38-B0AB-44D3-B324-A064B64A7080}.Ad-Hoc|x64.Build.0 = Debug|Any CPU
		{ACF53D38-B0AB-44D3-B324-A064B64A7080}.Ad-Hoc|x86.ActiveCfg = Debug|Any CPU
		{ACF53D38-B0AB-44D3-B324-A064B64A7080}.Ad-Hoc|x86.Build.0 = Debug|Any CPU
		{ACF53D38-B0AB-44D3-B324-A064B64A7080}.AppStore|Any CPU.ActiveCfg = Debug|Any CPU
		{ACF53D38-B0AB-44D3-B324-A064B64A7080}.AppStore|Any CPU.Build.0 = Debug|Any CPU
		{ACF53D38-B0AB-44D3-B324-A064B64A7080}.AppStore|ARM.ActiveCfg = Debug|Any CPU
		{ACF53D38-B0AB-44D3-B324-A064B64A7080}.AppStore|ARM.Build.0 = Debug|Any CPU
		{ACF53D38-B0AB-44D3-B324-A064B64A7080}.AppStore|iPhone.ActiveCfg = Debug|Any CPU
		{ACF53D38-B0AB-44D3-B324-A064B64A7080}.AppStore|iPhone.Build.0 = Debug|Any CPU
		{ACF53D38-B0AB-44D3-B324-A064B64A7080}.AppStore|iPhoneSimulator.ActiveCfg = Debug|Any CPU
		{ACF53D38-B0AB-44D3-B324-A064B64A7080}.AppStore|iPhoneSimulator.Build.0 = Debug|Any CPU
		{ACF53D38-B0AB-44D3-B324-A064B64A7080}.AppStore|x64.ActiveCfg = Debug|Any CPU
		{ACF53D38-B0AB-44D3-B324-A064B64A7080}.AppStore|x64.Build.0 = Debug|Any CPU
		{ACF53D38-B0AB-44D3-B324-A064B64A7080}.AppStore|x86.ActiveCfg = Debug|Any CPU
		{ACF53D38-B0AB-44D3-B324-A064B64A7080}.AppStore|x86.Build.0 = Debug|Any CPU
		{ACF53D38-B0AB-44D3-B324-A064B64A7080}.Debug|Any CPU.ActiveCfg = Debug|Any CPU
		{ACF53D38-B0AB-44D3-B324-A064B64A7080}.Debug|Any CPU.Build.0 = Debug|Any CPU
		{ACF53D38-B0AB-44D3-B324-A064B64A7080}.Debug|ARM.ActiveCfg = Debug|Any CPU
		{ACF53D38-B0AB-44D3-B324-A064B64A7080}.Debug|ARM.Build.0 = Debug|Any CPU
		{ACF53D38-B0AB-44D3-B324-A064B64A7080}.Debug|iPhone.ActiveCfg = Debug|Any CPU
		{ACF53D38-B0AB-44D3-B324-A064B64A7080}.Debug|iPhone.Build.0 = Debug|Any CPU
		{ACF53D38-B0AB-44D3-B324-A064B64A7080}.Debug|iPhoneSimulator.ActiveCfg = Debug|Any CPU
		{ACF53D38-B0AB-44D3-B324-A064B64A7080}.Debug|iPhoneSimulator.Build.0 = Debug|Any CPU
		{ACF53D38-B0AB-44D3-B324-A064B64A7080}.Debug|x64.ActiveCfg = Debug|Any CPU
		{ACF53D38-B0AB-44D3-B324-A064B64A7080}.Debug|x64.Build.0 = Debug|Any CPU
		{ACF53D38-B0AB-44D3-B324-A064B64A7080}.Debug|x86.ActiveCfg = Debug|Any CPU
		{ACF53D38-B0AB-44D3-B324-A064B64A7080}.Debug|x86.Build.0 = Debug|Any CPU
		{ACF53D38-B0AB-44D3-B324-A064B64A7080}.Release|Any CPU.ActiveCfg = Release|Any CPU
		{ACF53D38-B0AB-44D3-B324-A064B64A7080}.Release|Any CPU.Build.0 = Release|Any CPU
		{ACF53D38-B0AB-44D3-B324-A064B64A7080}.Release|ARM.ActiveCfg = Release|Any CPU
		{ACF53D38-B0AB-44D3-B324-A064B64A7080}.Release|ARM.Build.0 = Release|Any CPU
		{ACF53D38-B0AB-44D3-B324-A064B64A7080}.Release|iPhone.ActiveCfg = Release|Any CPU
		{ACF53D38-B0AB-44D3-B324-A064B64A7080}.Release|iPhone.Build.0 = Release|Any CPU
		{ACF53D38-B0AB-44D3-B324-A064B64A7080}.Release|iPhoneSimulator.ActiveCfg = Release|Any CPU
		{ACF53D38-B0AB-44D3-B324-A064B64A7080}.Release|iPhoneSimulator.Build.0 = Release|Any CPU
		{ACF53D38-B0AB-44D3-B324-A064B64A7080}.Release|x64.ActiveCfg = Release|Any CPU
		{ACF53D38-B0AB-44D3-B324-A064B64A7080}.Release|x64.Build.0 = Release|Any CPU
		{ACF53D38-B0AB-44D3-B324-A064B64A7080}.Release|x86.ActiveCfg = Release|Any CPU
		{ACF53D38-B0AB-44D3-B324-A064B64A7080}.Release|x86.Build.0 = Release|Any CPU
	EndGlobalSection
	GlobalSection(SolutionProperties) = preSolution
		HideSolutionNode = FALSE
	EndGlobalSection
	GlobalSection(ExtensibilityGlobals) = postSolution
		SolutionGuid = {7841D444-97CD-4D57-A2AF-A1929367F595}
	EndGlobalSection
EndGlobal
